// !$*UTF8*$!
{
	archiveVersion = 1;
	classes = {
	};
	objectVersion = 46;
	objects = {

/* Begin PBXBuildFile section */
		828EB7501A36F11A00A69F90 /* AppDelegate.swift in Sources */ = {isa = PBXBuildFile; fileRef = 828EB74F1A36F11A00A69F90 /* AppDelegate.swift */; };
		828EB7521A36F11A00A69F90 /* ViewController.swift in Sources */ = {isa = PBXBuildFile; fileRef = 828EB7511A36F11A00A69F90 /* ViewController.swift */; };
		828EB7551A36F11A00A69F90 /* Main.storyboard in Resources */ = {isa = PBXBuildFile; fileRef = 828EB7531A36F11A00A69F90 /* Main.storyboard */; };
		828EB7571A36F11A00A69F90 /* Images.xcassets in Resources */ = {isa = PBXBuildFile; fileRef = 828EB7561A36F11A00A69F90 /* Images.xcassets */; };
		828EB75A1A36F11A00A69F90 /* LaunchScreen.xib in Resources */ = {isa = PBXBuildFile; fileRef = 828EB7581A36F11A00A69F90 /* LaunchScreen.xib */; };
		828EB7661A36F11A00A69F90 /* Web_ContentTests.swift in Sources */ = {isa = PBXBuildFile; fileRef = 828EB7651A36F11A00A69F90 /* Web_ContentTests.swift */; };
/* End PBXBuildFile section */

/* Begin PBXContainerItemProxy section */
		828EB7601A36F11A00A69F90 /* PBXContainerItemProxy */ = {
			isa = PBXContainerItemProxy;
			containerPortal = 828EB7421A36F11A00A69F90 /* Project object */;
			proxyType = 1;
			remoteGlobalIDString = 828EB7491A36F11A00A69F90;
			remoteInfo = "Web Content";
		};
/* End PBXContainerItemProxy section */

/* Begin PBXFileReference section */
		828EB74A1A36F11A00A69F90 /* Web Content.app */ = {isa = PBXFileReference; explicitFileType = wrapper.application; includeInIndex = 0; path = "Web Content.app"; sourceTree = BUILT_PRODUCTS_DIR; };
		828EB74E1A36F11A00A69F90 /* Info.plist */ = {isa = PBXFileReference; lastKnownFileType = text.plist.xml; path = Info.plist; sourceTree = "<group>"; };
		828EB74F1A36F11A00A69F90 /* AppDelegate.swift */ = {isa = PBXFileReference; lastKnownFileType = sourcecode.swift; path = AppDelegate.swift; sourceTree = "<group>"; };
		828EB7511A36F11A00A69F90 /* ViewController.swift */ = {isa = PBXFileReference; lastKnownFileType = sourcecode.swift; path = ViewController.swift; sourceTree = "<group>"; };
		828EB7541A36F11A00A69F90 /* Base */ = {isa = PBXFileReference; lastKnownFileType = file.storyboard; name = Base; path = Base.lproj/Main.storyboard; sourceTree = "<group>"; };
		828EB7561A36F11A00A69F90 /* Images.xcassets */ = {isa = PBXFileReference; lastKnownFileType = folder.assetcatalog; path = Images.xcassets; sourceTree = "<group>"; };
		828EB7591A36F11A00A69F90 /* Base */ = {isa = PBXFileReference; lastKnownFileType = file.xib; name = Base; path = Base.lproj/LaunchScreen.xib; sourceTree = "<group>"; };
		828EB75F1A36F11A00A69F90 /* Web ContentTests.xctest */ = {isa = PBXFileReference; explicitFileType = wrapper.cfbundle; includeInIndex = 0; path = "Web ContentTests.xctest"; sourceTree = BUILT_PRODUCTS_DIR; };
		828EB7641A36F11A00A69F90 /* Info.plist */ = {isa = PBXFileReference; lastKnownFileType = text.plist.xml; path = Info.plist; sourceTree = "<group>"; };
		828EB7651A36F11A00A69F90 /* Web_ContentTests.swift */ = {isa = PBXFileReference; lastKnownFileType = sourcecode.swift; path = Web_ContentTests.swift; sourceTree = "<group>"; };
/* End PBXFileReference section */

/* Begin PBXFrameworksBuildPhase section */
		828EB7471A36F11A00A69F90 /* Frameworks */ = {
			isa = PBXFrameworksBuildPhase;
			buildActionMask = 2147483647;
			files = (
			);
			runOnlyForDeploymentPostprocessing = 0;
		};
		828EB75C1A36F11A00A69F90 /* Frameworks */ = {
			isa = PBXFrameworksBuildPhase;
			buildActionMask = 2147483647;
			files = (
			);
			runOnlyForDeploymentPostprocessing = 0;
		};
/* End PBXFrameworksBuildPhase section */

/* Begin PBXGroup section */
		828EB7411A36F11A00A69F90 = {
			isa = PBXGroup;
			children = (
				828EB74C1A36F11A00A69F90 /* Web Content */,
				828EB7621A36F11A00A69F90 /* Web ContentTests */,
				828EB74B1A36F11A00A69F90 /* Products */,
			);
			sourceTree = "<group>";
		};
		828EB74B1A36F11A00A69F90 /* Products */ = {
			isa = PBXGroup;
			children = (
				828EB74A1A36F11A00A69F90 /* Web Content.app */,
				828EB75F1A36F11A00A69F90 /* Web ContentTests.xctest */,
			);
			name = Products;
			sourceTree = "<group>";
		};
		828EB74C1A36F11A00A69F90 /* Web Content */ = {
			isa = PBXGroup;
			children = (
				828EB74F1A36F11A00A69F90 /* AppDelegate.swift */,
				828EB7511A36F11A00A69F90 /* ViewController.swift */,
				828EB7531A36F11A00A69F90 /* Main.storyboard */,
				828EB7561A36F11A00A69F90 /* Images.xcassets */,
				828EB7581A36F11A00A69F90 /* LaunchScreen.xib */,
				828EB74D1A36F11A00A69F90 /* Supporting Files */,
			);
			path = "Web Content";
			sourceTree = "<group>";
		};
		828EB74D1A36F11A00A69F90 /* Supporting Files */ = {
			isa = PBXGroup;
			children = (
				828EB74E1A36F11A00A69F90 /* Info.plist */,
			);
			name = "Supporting Files";
			sourceTree = "<group>";
		};
		828EB7621A36F11A00A69F90 /* Web ContentTests */ = {
			isa = PBXGroup;
			children = (
				828EB7651A36F11A00A69F90 /* Web_ContentTests.swift */,
				828EB7631A36F11A00A69F90 /* Supporting Files */,
			);
			path = "Web ContentTests";
			sourceTree = "<group>";
		};
		828EB7631A36F11A00A69F90 /* Supporting Files */ = {
			isa = PBXGroup;
			children = (
				828EB7641A36F11A00A69F90 /* Info.plist */,
			);
			name = "Supporting Files";
			sourceTree = "<group>";
		};
/* End PBXGroup section */

/* Begin PBXNativeTarget section */
		828EB7491A36F11A00A69F90 /* Web Content */ = {
			isa = PBXNativeTarget;
			buildConfigurationList = 828EB7691A36F11A00A69F90 /* Build configuration list for PBXNativeTarget "Web Content" */;
			buildPhases = (
				828EB7461A36F11A00A69F90 /* Sources */,
				828EB7471A36F11A00A69F90 /* Frameworks */,
				828EB7481A36F11A00A69F90 /* Resources */,
			);
			buildRules = (
			);
			dependencies = (
			);
			name = "Web Content";
			productName = "Web Content";
			productReference = 828EB74A1A36F11A00A69F90 /* Web Content.app */;
			productType = "com.apple.product-type.application";
		};
		828EB75E1A36F11A00A69F90 /* Web ContentTests */ = {
			isa = PBXNativeTarget;
			buildConfigurationList = 828EB76C1A36F11A00A69F90 /* Build configuration list for PBXNativeTarget "Web ContentTests" */;
			buildPhases = (
				828EB75B1A36F11A00A69F90 /* Sources */,
				828EB75C1A36F11A00A69F90 /* Frameworks */,
				828EB75D1A36F11A00A69F90 /* Resources */,
			);
			buildRules = (
			);
			dependencies = (
				828EB7611A36F11A00A69F90 /* PBXTargetDependency */,
			);
			name = "Web ContentTests";
			productName = "Web ContentTests";
			productReference = 828EB75F1A36F11A00A69F90 /* Web ContentTests.xctest */;
			productType = "com.apple.product-type.bundle.unit-test";
		};
/* End PBXNativeTarget section */

/* Begin PBXProject section */
		828EB7421A36F11A00A69F90 /* Project object */ = {
			isa = PBXProject;
			attributes = {
				LastUpgradeCheck = 0610;
				ORGANIZATIONNAME = "Taylor Schmidt";
				TargetAttributes = {
					828EB7491A36F11A00A69F90 = {
						CreatedOnToolsVersion = 6.1.1;
					};
					828EB75E1A36F11A00A69F90 = {
						CreatedOnToolsVersion = 6.1.1;
						TestTargetID = 828EB7491A36F11A00A69F90;
					};
				};
			};
			buildConfigurationList = 828EB7451A36F11A00A69F90 /* Build configuration list for PBXProject "Web Content" */;
			compatibilityVersion = "Xcode 3.2";
			developmentRegion = English;
			hasScannedForEncodings = 0;
			knownRegions = (
				en,
				Base,
			);
			mainGroup = 828EB7411A36F11A00A69F90;
			productRefGroup = 828EB74B1A36F11A00A69F90 /* Products */;
			projectDirPath = "";
			projectRoot = "";
			targets = (
				828EB7491A36F11A00A69F90 /* Web Content */,
				828EB75E1A36F11A00A69F90 /* Web ContentTests */,
			);
		};
/* End PBXProject section */

/* Begin PBXResourcesBuildPhase section */
		828EB7481A36F11A00A69F90 /* Resources */ = {
			isa = PBXResourcesBuildPhase;
			buildActionMask = 2147483647;
			files = (
				828EB7551A36F11A00A69F90 /* Main.storyboard in Resources */,
				828EB75A1A36F11A00A69F90 /* LaunchScreen.xib in Resources */,
				828EB7571A36F11A00A69F90 /* Images.xcassets in Resources */,
			);
			runOnlyForDeploymentPostprocessing = 0;
		};
		828EB75D1A36F11A00A69F90 /* Resources */ = {
			isa = PBXResourcesBuildPhase;
			buildActionMask = 2147483647;
			files = (
			);
			runOnlyForDeploymentPostprocessing = 0;
		};
/* End PBXResourcesBuildPhase section */

/* Begin PBXSourcesBuildPhase section */
		828EB7461A36F11A00A69F90 /* Sources */ = {
			isa = PBXSourcesBuildPhase;
			buildActionMask = 2147483647;
			files = (
				828EB7521A36F11A00A69F90 /* ViewController.swift in Sources */,
				828EB7501A36F11A00A69F90 /* AppDelegate.swift in Sources */,
			);
			runOnlyForDeploymentPostprocessing = 0;
		};
		828EB75B1A36F11A00A69F90 /* Sources */ = {
			isa = PBXSourcesBuildPhase;
			buildActionMask = 2147483647;
			files = (
				828EB7661A36F11A00A69F90 /* Web_ContentTests.swift in Sources */,
			);
			runOnlyForDeploymentPostprocessing = 0;
		};
/* End PBXSourcesBuildPhase section */

/* Begin PBXTargetDependency section */
		828EB7611A36F11A00A69F90 /* PBXTargetDependency */ = {
			isa = PBXTargetDependency;
			target = 828EB7491A36F11A00A69F90 /* Web Content */;
			targetProxy = 828EB7601A36F11A00A69F90 /* PBXContainerItemProxy */;
		};
/* End PBXTargetDependency section */

/* Begin PBXVariantGroup section */
		828EB7531A36F11A00A69F90 /* Main.storyboard */ = {
			isa = PBXVariantGroup;
			children = (
				828EB7541A36F11A00A69F90 /* Base */,
			);
			name = Main.storyboard;
			sourceTree = "<group>";
		};
		828EB7581A36F11A00A69F90 /* LaunchScreen.xib */ = {
			isa = PBXVariantGroup;
			children = (
				828EB7591A36F11A00A69F90 /* Base */,
			);
			name = LaunchScreen.xib;
			sourceTree = "<group>";
		};
/* End PBXVariantGroup section */

/* Begin XCBuildConfiguration section */
		828EB7671A36F11A00A69F90 /* Debug */ = {
			isa = XCBuildConfiguration;
			buildSettings = {
				ALWAYS_SEARCH_USER_PATHS = NO;
				CLANG_CXX_LANGUAGE_STANDARD = "gnu++0x";
				CLANG_CXX_LIBRARY = "libc++";
				CLANG_ENABLE_MODULES = YES;
				CLANG_ENABLE_OBJC_ARC = YES;
				CLANG_WARN_BOOL_CONVERSION = YES;
				CLANG_WARN_CONSTANT_CONVERSION = YES;
				CLANG_WARN_DIRECT_OBJC_ISA_USAGE = YES_ERROR;
				CLANG_WARN_EMPTY_BODY = YES;
				CLANG_WARN_ENUM_CONVERSION = YES;
				CLANG_WARN_INT_CONVERSION = YES;
				CLANG_WARN_OBJC_ROOT_CLASS = YES_ERROR;
				CLANG_WARN_UNREACHABLE_CODE = YES;
				CLANG_WARN__DUPLICATE_METHOD_MATCH = YES;
				"CODE_SIGN_IDENTITY[sdk=iphoneos*]" = "iPhone Developer";
				COPY_PHASE_STRIP = NO;
				ENABLE_STRICT_OBJC_MSGSEND = YES;
				GCC_C_LANGUAGE_STANDARD = gnu99;
				GCC_DYNAMIC_NO_PIC = NO;
				GCC_OPTIMIZATION_LEVEL = 0;
				GCC_PREPROCESSOR_DEFINITIONS = (
					"DEBUG=1",
					"$(inherited)",
				);
				GCC_SYMBOLS_PRIVATE_EXTERN = NO;
				GCC_WARN_64_TO_32_BIT_CONVERSION = YES;
				GCC_WARN_ABOUT_RETURN_TYPE = YES_ERROR;
				GCC_WARN_UNDECLARED_SELECTOR = YES;
				GCC_WARN_UNINITIALIZED_AUTOS = YES_AGGRESSIVE;
				GCC_WARN_UNUSED_FUNCTION = YES;
				GCC_WARN_UNUSED_VARIABLE = YES;
				IPHONEOS_DEPLOYMENT_TARGET = 8.1;
				MTL_ENABLE_DEBUG_INFO = YES;
				ONLY_ACTIVE_ARCH = YES;
				SDKROOT = iphoneos;
				SWIFT_OPTIMIZATION_LEVEL = "-Onone";
				TARGETED_DEVICE_FAMILY = "1,2";
			};
			name = Debug;
		};
		828EB7681A36F11A00A69F90 /* Release */ = {
			isa = XCBuildConfiguration;
			buildSettings = {
				ALWAYS_SEARCH_USER_PATHS = NO;
				CLANG_CXX_LANGUAGE_STANDARD = "gnu++0x";
				CLANG_CXX_LIBRARY = "libc++";
				CLANG_ENABLE_MODULES = YES;
				CLANG_ENABLE_OBJC_ARC = YES;
				CLANG_WARN_BOOL_CONVERSION = YES;
				CLANG_WARN_CONSTANT_CONVERSION = YES;
				CLANG_WARN_DIRECT_OBJC_ISA_USAGE = YES_ERROR;
				CLANG_WARN_EMPTY_BODY = YES;
				CLANG_WARN_ENUM_CONVERSION = YES;
				CLANG_WARN_INT_CONVERSION = YES;
				CLANG_WARN_OBJC_ROOT_CLASS = YES_ERROR;
				CLANG_WARN_UNREACHABLE_CODE = YES;
				CLANG_WARN__DUPLICATE_METHOD_MATCH = YES;
				"CODE_SIGN_IDENTITY[sdk=iphoneos*]" = "iPhone Developer";
				COPY_PHASE_STRIP = YES;
				ENABLE_NS_ASSERTIONS = NO;
				ENABLE_STRICT_OBJC_MSGSEND = YES;
				GCC_C_LANGUAGE_STANDARD = gnu99;
				GCC_WARN_64_TO_32_BIT_CONVERSION = YES;
				GCC_WARN_ABOUT_RETURN_TYPE = YES_ERROR;
				GCC_WARN_UNDECLARED_SELECTOR = YES;
				GCC_WARN_UNINITIALIZED_AUTOS = YES_AGGRESSIVE;
				GCC_WARN_UNUSED_FUNCTION = YES;
				GCC_WARN_UNUSED_VARIABLE = YES;
				IPHONEOS_DEPLOYMENT_TARGET = 8.1;
				MTL_ENABLE_DEBUG_INFO = NO;
				SDKROOT = iphoneos;
				TARGETED_DEVICE_FAMILY = "1,2";
				VALIDATE_PRODUCT = YES;
			};
			name = Release;
		};
		828EB76A1A36F11A00A69F90 /* Debug */ = {
			isa = XCBuildConfiguration;
			buildSettings = {
				ASSETCATALOG_COMPILER_APPICON_NAME = AppIcon;
				INFOPLIST_FILE = "Web Content/Info.plist";
				LD_RUNPATH_SEARCH_PATHS = "$(inherited) @executable_path/Frameworks";
				PRODUCT_NAME = "$(TARGET_NAME)";
			};
			name = Debug;
		};
		828EB76B1A36F11A00A69F90 /* Release */ = {
			isa = XCBuildConfiguration;
			buildSettings = {
				ASSETCATALOG_COMPILER_APPICON_NAME = AppIcon;
				INFOPLIST_FILE = "Web Content/Info.plist";
				LD_RUNPATH_SEARCH_PATHS = "$(inherited) @executable_path/Frameworks";
				PRODUCT_NAME = "$(TARGET_NAME)";
			};
			name = Release;
		};
		828EB76D1A36F11A00A69F90 /* Debug */ = {
			isa = XCBuildConfiguration;
			buildSettings = {
				BUNDLE_LOADER = "$(TEST_HOST)";
				FRAMEWORK_SEARCH_PATHS = (
					"$(SDKROOT)/Developer/Library/Frameworks",
					"$(inherited)",
				);
				GCC_PREPROCESSOR_DEFINITIONS = (
					"DEBUG=1",
					"$(inherited)",
				);
				INFOPLIST_FILE = "Web ContentTests/Info.plist";
				LD_RUNPATH_SEARCH_PATHS = "$(inherited) @executable_path/Frameworks @loader_path/Frameworks";
				PRODUCT_NAME = "$(TARGET_NAME)";
				TEST_HOST = "$(BUILT_PRODUCTS_DIR)/Web Content.app/Web Content";
			};
			name = Debug;
		};
		828EB76E1A36F11A00A69F90 /* Release */ = {
			isa = XCBuildConfiguration;
			buildSettings = {
				BUNDLE_LOADER = "$(TEST_HOST)";
				FRAMEWORK_SEARCH_PATHS = (
					"$(SDKROOT)/Developer/Library/Frameworks",
					"$(inherited)",
				);
				INFOPLIST_FILE = "Web ContentTests/Info.plist";
				LD_RUNPATH_SEARCH_PATHS = "$(inherited) @executable_path/Frameworks @loader_path/Frameworks";
				PRODUCT_NAME = "$(TARGET_NAME)";
				TEST_HOST = "$(BUILT_PRODUCTS_DIR)/Web Content.app/Web Content";
			};
			name = Release;
		};
/* End XCBuildConfiguration section */

/* Begin XCConfigurationList section */
		828EB7451A36F11A00A69F90 /* Build configuration list for PBXProject "Web Content" */ = {
			isa = XCConfigurationList;
			buildConfigurations = (
				828EB7671A36F11A00A69F90 /* Debug */,
				828EB7681A36F11A00A69F90 /* Release */,
			);
			defaultConfigurationIsVisible = 0;
			defaultConfigurationName = Release;
		};
		828EB7691A36F11A00A69F90 /* Build configuration list for PBXNativeTarget "Web Content" */ = {
			isa = XCConfigurationList;
			buildConfigurations = (
				828EB76A1A36F11A00A69F90 /* Debug */,
				828EB76B1A36F11A00A69F90 /* Release */,
			);
			defaultConfigurationIsVisible = 0;
		};
		828EB76C1A36F11A00A69F90 /* Build configuration list for PBXNativeTarget "Web ContentTests" */ = {
			isa = XCConfigurationList;
			buildConfigurations = (
				828EB76D1A36F11A00A69F90 /* Debug */,
				828EB76E1A36F11A00A69F90 /* Release */,
			);
			defaultConfigurationIsVisible = 0;
		};
/* End XCConfigurationList section */
	};
	rootObject = 828EB7421A36F11A00A69F90 /* Project object */;
}
