// !$*UTF8*$!
{
	archiveVersion = 1;
	classes = {
	};
	objectVersion = 46;
	objects = {

/* Begin PBXBuildFile section */
		8253BBA01C62DD3B00321D61 /* AppDelegate.swift in Sources */ = {isa = PBXBuildFile; fileRef = 8253BB9F1C62DD3B00321D61 /* AppDelegate.swift */; };
		8253BBA21C62DD3B00321D61 /* ViewController.swift in Sources */ = {isa = PBXBuildFile; fileRef = 8253BBA11C62DD3B00321D61 /* ViewController.swift */; };
		8253BBA51C62DD3B00321D61 /* Main.storyboard in Resources */ = {isa = PBXBuildFile; fileRef = 8253BBA31C62DD3B00321D61 /* Main.storyboard */; };
		8253BBA71C62DD3B00321D61 /* Assets.xcassets in Resources */ = {isa = PBXBuildFile; fileRef = 8253BBA61C62DD3B00321D61 /* Assets.xcassets */; };
		8253BBAA1C62DD3B00321D61 /* LaunchScreen.storyboard in Resources */ = {isa = PBXBuildFile; fileRef = 8253BBA81C62DD3B00321D61 /* LaunchScreen.storyboard */; };
		8253BBB21C62DE3800321D61 /* MyTableViewController.swift in Sources */ = {isa = PBXBuildFile; fileRef = 8253BBB11C62DE3800321D61 /* MyTableViewController.swift */; };
		8253BBB41C62DEF300321D61 /* Person.swift in Sources */ = {isa = PBXBuildFile; fileRef = 8253BBB31C62DEF300321D61 /* Person.swift */; };
/* End PBXBuildFile section */

/* Begin PBXFileReference section */
		8253BB9C1C62DD3B00321D61 /* TableViewApp.app */ = {isa = PBXFileReference; explicitFileType = wrapper.application; includeInIndex = 0; path = TableViewApp.app; sourceTree = BUILT_PRODUCTS_DIR; };
		8253BB9F1C62DD3B00321D61 /* AppDelegate.swift */ = {isa = PBXFileReference; lastKnownFileType = sourcecode.swift; path = AppDelegate.swift; sourceTree = "<group>"; };
		8253BBA11C62DD3B00321D61 /* ViewController.swift */ = {isa = PBXFileReference; lastKnownFileType = sourcecode.swift; path = ViewController.swift; sourceTree = "<group>"; };
		8253BBA41C62DD3B00321D61 /* Base */ = {isa = PBXFileReference; lastKnownFileType = file.storyboard; name = Base; path = Base.lproj/Main.storyboard; sourceTree = "<group>"; };
		8253BBA61C62DD3B00321D61 /* Assets.xcassets */ = {isa = PBXFileReference; lastKnownFileType = folder.assetcatalog; path = Assets.xcassets; sourceTree = "<group>"; };
		8253BBA91C62DD3B00321D61 /* Base */ = {isa = PBXFileReference; lastKnownFileType = file.storyboard; name = Base; path = Base.lproj/LaunchScreen.storyboard; sourceTree = "<group>"; };
		8253BBAB1C62DD3B00321D61 /* Info.plist */ = {isa = PBXFileReference; lastKnownFileType = text.plist.xml; path = Info.plist; sourceTree = "<group>"; };
		8253BBB11C62DE3800321D61 /* MyTableViewController.swift */ = {isa = PBXFileReference; fileEncoding = 4; lastKnownFileType = sourcecode.swift; path = MyTableViewController.swift; sourceTree = "<group>"; };
		8253BBB31C62DEF300321D61 /* Person.swift */ = {isa = PBXFileReference; fileEncoding = 4; lastKnownFileType = sourcecode.swift; path = Person.swift; sourceTree = "<group>"; };
/* End PBXFileReference section */

/* Begin PBXFrameworksBuildPhase section */
		8253BB991C62DD3B00321D61 /* Frameworks */ = {
			isa = PBXFrameworksBuildPhase;
			buildActionMask = 2147483647;
			files = (
			);
			runOnlyForDeploymentPostprocessing = 0;
		};
/* End PBXFrameworksBuildPhase section */

/* Begin PBXGroup section */
		8253BB931C62DD3B00321D61 = {
			isa = PBXGroup;
			children = (
				8253BB9E1C62DD3B00321D61 /* TableViewApp */,
				8253BB9D1C62DD3B00321D61 /* Products */,
			);
			sourceTree = "<group>";
		};
		8253BB9D1C62DD3B00321D61 /* Products */ = {
			isa = PBXGroup;
			children = (
				8253BB9C1C62DD3B00321D61 /* TableViewApp.app */,
			);
			name = Products;
			sourceTree = "<group>";
		};
		8253BB9E1C62DD3B00321D61 /* TableViewApp */ = {
			isa = PBXGroup;
			children = (
				8253BB9F1C62DD3B00321D61 /* AppDelegate.swift */,
				8253BBA11C62DD3B00321D61 /* ViewController.swift */,
				8253BBA31C62DD3B00321D61 /* Main.storyboard */,
				8253BBA61C62DD3B00321D61 /* Assets.xcassets */,
				8253BBA81C62DD3B00321D61 /* LaunchScreen.storyboard */,
				8253BBAB1C62DD3B00321D61 /* Info.plist */,
				8253BBB11C62DE3800321D61 /* MyTableViewController.swift */,
				8253BBB31C62DEF300321D61 /* Person.swift */,
			);
			path = TableViewApp;
			sourceTree = "<group>";
		};
/* End PBXGroup section */

/* Begin PBXNativeTarget section */
		8253BB9B1C62DD3B00321D61 /* TableViewApp */ = {
			isa = PBXNativeTarget;
			buildConfigurationList = 8253BBAE1C62DD3B00321D61 /* Build configuration list for PBXNativeTarget "TableViewApp" */;
			buildPhases = (
				8253BB981C62DD3B00321D61 /* Sources */,
				8253BB991C62DD3B00321D61 /* Frameworks */,
				8253BB9A1C62DD3B00321D61 /* Resources */,
			);
			buildRules = (
			);
			dependencies = (
			);
			name = TableViewApp;
			productName = TableViewApp;
			productReference = 8253BB9C1C62DD3B00321D61 /* TableViewApp.app */;
			productType = "com.apple.product-type.application";
		};
/* End PBXNativeTarget section */

/* Begin PBXProject section */
		8253BB941C62DD3B00321D61 /* Project object */ = {
			isa = PBXProject;
			attributes = {
				LastSwiftUpdateCheck = 0720;
				LastUpgradeCheck = 0720;
				ORGANIZATIONNAME = "Taylor Schmidt";
				TargetAttributes = {
					8253BB9B1C62DD3B00321D61 = {
						CreatedOnToolsVersion = 7.2;
					};
				};
			};
			buildConfigurationList = 8253BB971C62DD3B00321D61 /* Build configuration list for PBXProject "TableViewApp" */;
			compatibilityVersion = "Xcode 3.2";
			developmentRegion = English;
			hasScannedForEncodings = 0;
			knownRegions = (
				en,
				Base,
			);
			mainGroup = 8253BB931C62DD3B00321D61;
			productRefGroup = 8253BB9D1C62DD3B00321D61 /* Products */;
			projectDirPath = "";
			projectRoot = "";
			targets = (
				8253BB9B1C62DD3B00321D61 /* TableViewApp */,
			);
		};
/* End PBXProject section */

/* Begin PBXResourcesBuildPhase section */
		8253BB9A1C62DD3B00321D61 /* Resources */ = {
			isa = PBXResourcesBuildPhase;
			buildActionMask = 2147483647;
			files = (
				8253BBAA1C62DD3B00321D61 /* LaunchScreen.storyboard in Resources */,
				8253BBA71C62DD3B00321D61 /* Assets.xcassets in Resources */,
				8253BBA51C62DD3B00321D61 /* Main.storyboard in Resources */,
			);
			runOnlyForDeploymentPostprocessing = 0;
		};
/* End PBXResourcesBuildPhase section */

/* Begin PBXSourcesBuildPhase section */
		8253BB981C62DD3B00321D61 /* Sources */ = {
			isa = PBXSourcesBuildPhase;
			buildActionMask = 2147483647;
			files = (
				8253BBA21C62DD3B00321D61 /* ViewController.swift in Sources */,
				8253BBB21C62DE3800321D61 /* MyTableViewController.swift in Sources */,
				8253BBB41C62DEF300321D61 /* Person.swift in Sources */,
				8253BBA01C62DD3B00321D61 /* AppDelegate.swift in Sources */,
			);
			runOnlyForDeploymentPostprocessing = 0;
		};
/* End PBXSourcesBuildPhase section */

/* Begin PBXVariantGroup section */
		8253BBA31C62DD3B00321D61 /* Main.storyboard */ = {
			isa = PBXVariantGroup;
			children = (
				8253BBA41C62DD3B00321D61 /* Base */,
			);
			name = Main.storyboard;
			sourceTree = "<group>";
		};
		8253BBA81C62DD3B00321D61 /* LaunchScreen.storyboard */ = {
			isa = PBXVariantGroup;
			children = (
				8253BBA91C62DD3B00321D61 /* Base */,
			);
			name = LaunchScreen.storyboard;
			sourceTree = "<group>";
		};
/* End PBXVariantGroup section */

/* Begin XCBuildConfiguration section */
		8253BBAC1C62DD3B00321D61 /* Debug */ = {
			isa = XCBuildConfiguration;
			buildSettings = {
				ALWAYS_SEARCH_USER_PATHS = NO;
				CLANG_CXX_LANGUAGE_STANDARD = "gnu++0x";
				CLANG_CXX_LIBRARY = "libc++";
				CLANG_ENABLE_MODULES = YES;
				CLANG_ENABLE_OBJC_ARC = YES;
				CLANG_WARN_BOOL_CONVERSION = YES;
				CLANG_WARN_CONSTANT_CONVERSION = YES;
				CLANG_WARN_DIRECT_OBJC_ISA_USAGE = YES_ERROR;
				CLANG_WARN_EMPTY_BODY = YES;
				CLANG_WARN_ENUM_CONVERSION = YES;
				CLANG_WARN_INT_CONVERSION = YES;
				CLANG_WARN_OBJC_ROOT_CLASS = YES_ERROR;
				CLANG_WARN_UNREACHABLE_CODE = YES;
				CLANG_WARN__DUPLICATE_METHOD_MATCH = YES;
				"CODE_SIGN_IDENTITY[sdk=iphoneos*]" = "iPhone Developer";
				COPY_PHASE_STRIP = NO;
				DEBUG_INFORMATION_FORMAT = dwarf;
				ENABLE_STRICT_OBJC_MSGSEND = YES;
				ENABLE_TESTABILITY = YES;
				GCC_C_LANGUAGE_STANDARD = gnu99;
				GCC_DYNAMIC_NO_PIC = NO;
				GCC_NO_COMMON_BLOCKS = YES;
				GCC_OPTIMIZATION_LEVEL = 0;
				GCC_PREPROCESSOR_DEFINITIONS = (
					"DEBUG=1",
					"$(inherited)",
				);
				GCC_WARN_64_TO_32_BIT_CONVERSION = YES;
				GCC_WARN_ABOUT_RETURN_TYPE = YES_ERROR;
				GCC_WARN_UNDECLARED_SELECTOR = YES;
				GCC_WARN_UNINITIALIZED_AUTOS = YES_AGGRESSIVE;
				GCC_WARN_UNUSED_FUNCTION = YES;
				GCC_WARN_UNUSED_VARIABLE = YES;
				IPHONEOS_DEPLOYMENT_TARGET = 9.2;
				MTL_ENABLE_DEBUG_INFO = YES;
				ONLY_ACTIVE_ARCH = YES;
				SDKROOT = iphoneos;
				SWIFT_OPTIMIZATION_LEVEL = "-Onone";
				TARGETED_DEVICE_FAMILY = "1,2";
			};
			name = Debug;
		};
		8253BBAD1C62DD3B00321D61 /* Release */ = {
			isa = XCBuildConfiguration;
			buildSettings = {
				ALWAYS_SEARCH_USER_PATHS = NO;
				CLANG_CXX_LANGUAGE_STANDARD = "gnu++0x";
				CLANG_CXX_LIBRARY = "libc++";
				CLANG_ENABLE_MODULES = YES;
				CLANG_ENABLE_OBJC_ARC = YES;
				CLANG_WARN_BOOL_CONVERSION = YES;
				CLANG_WARN_CONSTANT_CONVERSION = YES;
				CLANG_WARN_DIRECT_OBJC_ISA_USAGE = YES_ERROR;
				CLANG_WARN_EMPTY_BODY = YES;
				CLANG_WARN_ENUM_CONVERSION = YES;
				CLANG_WARN_INT_CONVERSION = YES;
				CLANG_WARN_OBJC_ROOT_CLASS = YES_ERROR;
				CLANG_WARN_UNREACHABLE_CODE = YES;
				CLANG_WARN__DUPLICATE_METHOD_MATCH = YES;
				"CODE_SIGN_IDENTITY[sdk=iphoneos*]" = "iPhone Developer";
				COPY_PHASE_STRIP = NO;
				DEBUG_INFORMATION_FORMAT = "dwarf-with-dsym";
				ENABLE_NS_ASSERTIONS = NO;
				ENABLE_STRICT_OBJC_MSGSEND = YES;
				GCC_C_LANGUAGE_STANDARD = gnu99;
				GCC_NO_COMMON_BLOCKS = YES;
				GCC_WARN_64_TO_32_BIT_CONVERSION = YES;
				GCC_WARN_ABOUT_RETURN_TYPE = YES_ERROR;
				GCC_WARN_UNDECLARED_SELECTOR = YES;
				GCC_WARN_UNINITIALIZED_AUTOS = YES_AGGRESSIVE;
				GCC_WARN_UNUSED_FUNCTION = YES;
				GCC_WARN_UNUSED_VARIABLE = YES;
				IPHONEOS_DEPLOYMENT_TARGET = 9.2;
				MTL_ENABLE_DEBUG_INFO = NO;
				SDKROOT = iphoneos;
				TARGETED_DEVICE_FAMILY = "1,2";
				VALIDATE_PRODUCT = YES;
			};
			name = Release;
		};
		8253BBAF1C62DD3B00321D61 /* Debug */ = {
			isa = XCBuildConfiguration;
			buildSettings = {
				ASSETCATALOG_COMPILER_APPICON_NAME = AppIcon;
				INFOPLIST_FILE = TableViewApp/Info.plist;
				LD_RUNPATH_SEARCH_PATHS = "$(inherited) @executable_path/Frameworks";
				PRODUCT_BUNDLE_IDENTIFIER = "tdimhcS-rolyaT.TableViewApp";
				PRODUCT_NAME = "$(TARGET_NAME)";
			};
			name = Debug;
		};
		8253BBB01C62DD3B00321D61 /* Release */ = {
			isa = XCBuildConfiguration;
			buildSettings = {
				ASSETCATALOG_COMPILER_APPICON_NAME = AppIcon;
				INFOPLIST_FILE = TableViewApp/Info.plist;
				LD_RUNPATH_SEARCH_PATHS = "$(inherited) @executable_path/Frameworks";
				PRODUCT_BUNDLE_IDENTIFIER = "tdimhcS-rolyaT.TableViewApp";
				PRODUCT_NAME = "$(TARGET_NAME)";
			};
			name = Release;
		};
/* End XCBuildConfiguration section */

/* Begin XCConfigurationList section */
		8253BB971C62DD3B00321D61 /* Build configuration list for PBXProject "TableViewApp" */ = {
			isa = XCConfigurationList;
			buildConfigurations = (
				8253BBAC1C62DD3B00321D61 /* Debug */,
				8253BBAD1C62DD3B00321D61 /* Release */,
			);
			defaultConfigurationIsVisible = 0;
			defaultConfigurationName = Release;
		};
		8253BBAE1C62DD3B00321D61 /* Build configuration list for PBXNativeTarget "TableViewApp" */ = {
			isa = XCConfigurationList;
			buildConfigurations = (
				8253BBAF1C62DD3B00321D61 /* Debug */,
				8253BBB01C62DD3B00321D61 /* Release */,
			);
			defaultConfigurationIsVisible = 0;
		};
/* End XCConfigurationList section */
	};
	rootObject = 8253BB941C62DD3B00321D61 /* Project object */;
}
