// !$*UTF8*$!
{
	archiveVersion = 1;
	classes = {
	};
	objectVersion = 46;
	objects = {

/* Begin PBXBuildFile section */
		826B3AC71A81AFE20044B655 /* AppDelegate.swift in Sources */ = {isa = PBXBuildFile; fileRef = 826B3AC61A81AFE20044B655 /* AppDelegate.swift */; };
		826B3AC91A81AFE20044B655 /* ViewController.swift in Sources */ = {isa = PBXBuildFile; fileRef = 826B3AC81A81AFE20044B655 /* ViewController.swift */; };
		826B3ACC1A81AFE20044B655 /* Main.storyboard in Resources */ = {isa = PBXBuildFile; fileRef = 826B3ACA1A81AFE20044B655 /* Main.storyboard */; };
		826B3ACE1A81AFE20044B655 /* Images.xcassets in Resources */ = {isa = PBXBuildFile; fileRef = 826B3ACD1A81AFE20044B655 /* Images.xcassets */; };
		826B3AD11A81AFE20044B655 /* LaunchScreen.xib in Resources */ = {isa = PBXBuildFile; fileRef = 826B3ACF1A81AFE20044B655 /* LaunchScreen.xib */; };
		826B3ADD1A81AFE20044B655 /* BalloonAppTests.swift in Sources */ = {isa = PBXBuildFile; fileRef = 826B3ADC1A81AFE20044B655 /* BalloonAppTests.swift */; };
		826B3AE71A81B4050044B655 /* balloon_red.png in Resources */ = {isa = PBXBuildFile; fileRef = 826B3AE61A81B4050044B655 /* balloon_red.png */; };
/* End PBXBuildFile section */

/* Begin PBXContainerItemProxy section */
		826B3AD71A81AFE20044B655 /* PBXContainerItemProxy */ = {
			isa = PBXContainerItemProxy;
			containerPortal = 826B3AB91A81AFE20044B655 /* Project object */;
			proxyType = 1;
			remoteGlobalIDString = 826B3AC01A81AFE20044B655;
			remoteInfo = BalloonApp;
		};
/* End PBXContainerItemProxy section */

/* Begin PBXFileReference section */
		826B3AC11A81AFE20044B655 /* BalloonApp.app */ = {isa = PBXFileReference; explicitFileType = wrapper.application; includeInIndex = 0; path = BalloonApp.app; sourceTree = BUILT_PRODUCTS_DIR; };
		826B3AC51A81AFE20044B655 /* Info.plist */ = {isa = PBXFileReference; lastKnownFileType = text.plist.xml; path = Info.plist; sourceTree = "<group>"; };
		826B3AC61A81AFE20044B655 /* AppDelegate.swift */ = {isa = PBXFileReference; lastKnownFileType = sourcecode.swift; path = AppDelegate.swift; sourceTree = "<group>"; };
		826B3AC81A81AFE20044B655 /* ViewController.swift */ = {isa = PBXFileReference; lastKnownFileType = sourcecode.swift; path = ViewController.swift; sourceTree = "<group>"; };
		826B3ACB1A81AFE20044B655 /* Base */ = {isa = PBXFileReference; lastKnownFileType = file.storyboard; name = Base; path = Base.lproj/Main.storyboard; sourceTree = "<group>"; };
		826B3ACD1A81AFE20044B655 /* Images.xcassets */ = {isa = PBXFileReference; lastKnownFileType = folder.assetcatalog; path = Images.xcassets; sourceTree = "<group>"; };
		826B3AD01A81AFE20044B655 /* Base */ = {isa = PBXFileReference; lastKnownFileType = file.xib; name = Base; path = Base.lproj/LaunchScreen.xib; sourceTree = "<group>"; };
		826B3AD61A81AFE20044B655 /* BalloonAppTests.xctest */ = {isa = PBXFileReference; explicitFileType = wrapper.cfbundle; includeInIndex = 0; path = BalloonAppTests.xctest; sourceTree = BUILT_PRODUCTS_DIR; };
		826B3ADB1A81AFE20044B655 /* Info.plist */ = {isa = PBXFileReference; lastKnownFileType = text.plist.xml; path = Info.plist; sourceTree = "<group>"; };
		826B3ADC1A81AFE20044B655 /* BalloonAppTests.swift */ = {isa = PBXFileReference; lastKnownFileType = sourcecode.swift; path = BalloonAppTests.swift; sourceTree = "<group>"; };
		826B3AE61A81B4050044B655 /* balloon_red.png */ = {isa = PBXFileReference; lastKnownFileType = image.png; path = balloon_red.png; sourceTree = "<group>"; };
/* End PBXFileReference section */

/* Begin PBXFrameworksBuildPhase section */
		826B3ABE1A81AFE20044B655 /* Frameworks */ = {
			isa = PBXFrameworksBuildPhase;
			buildActionMask = 2147483647;
			files = (
			);
			runOnlyForDeploymentPostprocessing = 0;
		};
		826B3AD31A81AFE20044B655 /* Frameworks */ = {
			isa = PBXFrameworksBuildPhase;
			buildActionMask = 2147483647;
			files = (
			);
			runOnlyForDeploymentPostprocessing = 0;
		};
/* End PBXFrameworksBuildPhase section */

/* Begin PBXGroup section */
		826B3AB81A81AFE20044B655 = {
			isa = PBXGroup;
			children = (
				826B3AC31A81AFE20044B655 /* BalloonApp */,
				826B3AD91A81AFE20044B655 /* BalloonAppTests */,
				826B3AC21A81AFE20044B655 /* Products */,
			);
			sourceTree = "<group>";
		};
		826B3AC21A81AFE20044B655 /* Products */ = {
			isa = PBXGroup;
			children = (
				826B3AC11A81AFE20044B655 /* BalloonApp.app */,
				826B3AD61A81AFE20044B655 /* BalloonAppTests.xctest */,
			);
			name = Products;
			sourceTree = "<group>";
		};
		826B3AC31A81AFE20044B655 /* BalloonApp */ = {
			isa = PBXGroup;
			children = (
				826B3AC61A81AFE20044B655 /* AppDelegate.swift */,
				826B3AC81A81AFE20044B655 /* ViewController.swift */,
				826B3ACA1A81AFE20044B655 /* Main.storyboard */,
				826B3ACD1A81AFE20044B655 /* Images.xcassets */,
				826B3ACF1A81AFE20044B655 /* LaunchScreen.xib */,
				826B3AC41A81AFE20044B655 /* Supporting Files */,
			);
			path = BalloonApp;
			sourceTree = "<group>";
		};
		826B3AC41A81AFE20044B655 /* Supporting Files */ = {
			isa = PBXGroup;
			children = (
				826B3AE61A81B4050044B655 /* balloon_red.png */,
				826B3AC51A81AFE20044B655 /* Info.plist */,
			);
			name = "Supporting Files";
			sourceTree = "<group>";
		};
		826B3AD91A81AFE20044B655 /* BalloonAppTests */ = {
			isa = PBXGroup;
			children = (
				826B3ADC1A81AFE20044B655 /* BalloonAppTests.swift */,
				826B3ADA1A81AFE20044B655 /* Supporting Files */,
			);
			path = BalloonAppTests;
			sourceTree = "<group>";
		};
		826B3ADA1A81AFE20044B655 /* Supporting Files */ = {
			isa = PBXGroup;
			children = (
				826B3ADB1A81AFE20044B655 /* Info.plist */,
			);
			name = "Supporting Files";
			sourceTree = "<group>";
		};
/* End PBXGroup section */

/* Begin PBXNativeTarget section */
		826B3AC01A81AFE20044B655 /* BalloonApp */ = {
			isa = PBXNativeTarget;
			buildConfigurationList = 826B3AE01A81AFE20044B655 /* Build configuration list for PBXNativeTarget "BalloonApp" */;
			buildPhases = (
				826B3ABD1A81AFE20044B655 /* Sources */,
				826B3ABE1A81AFE20044B655 /* Frameworks */,
				826B3ABF1A81AFE20044B655 /* Resources */,
			);
			buildRules = (
			);
			dependencies = (
			);
			name = BalloonApp;
			productName = BalloonApp;
			productReference = 826B3AC11A81AFE20044B655 /* BalloonApp.app */;
			productType = "com.apple.product-type.application";
		};
		826B3AD51A81AFE20044B655 /* BalloonAppTests */ = {
			isa = PBXNativeTarget;
			buildConfigurationList = 826B3AE31A81AFE20044B655 /* Build configuration list for PBXNativeTarget "BalloonAppTests" */;
			buildPhases = (
				826B3AD21A81AFE20044B655 /* Sources */,
				826B3AD31A81AFE20044B655 /* Frameworks */,
				826B3AD41A81AFE20044B655 /* Resources */,
			);
			buildRules = (
			);
			dependencies = (
				826B3AD81A81AFE20044B655 /* PBXTargetDependency */,
			);
			name = BalloonAppTests;
			productName = BalloonAppTests;
			productReference = 826B3AD61A81AFE20044B655 /* BalloonAppTests.xctest */;
			productType = "com.apple.product-type.bundle.unit-test";
		};
/* End PBXNativeTarget section */

/* Begin PBXProject section */
		826B3AB91A81AFE20044B655 /* Project object */ = {
			isa = PBXProject;
			attributes = {
				LastUpgradeCheck = 0610;
				ORGANIZATIONNAME = "Taylor Schmidt";
				TargetAttributes = {
					826B3AC01A81AFE20044B655 = {
						CreatedOnToolsVersion = 6.1.1;
					};
					826B3AD51A81AFE20044B655 = {
						CreatedOnToolsVersion = 6.1.1;
						TestTargetID = 826B3AC01A81AFE20044B655;
					};
				};
			};
			buildConfigurationList = 826B3ABC1A81AFE20044B655 /* Build configuration list for PBXProject "BalloonApp" */;
			compatibilityVersion = "Xcode 3.2";
			developmentRegion = English;
			hasScannedForEncodings = 0;
			knownRegions = (
				en,
				Base,
			);
			mainGroup = 826B3AB81A81AFE20044B655;
			productRefGroup = 826B3AC21A81AFE20044B655 /* Products */;
			projectDirPath = "";
			projectRoot = "";
			targets = (
				826B3AC01A81AFE20044B655 /* BalloonApp */,
				826B3AD51A81AFE20044B655 /* BalloonAppTests */,
			);
		};
/* End PBXProject section */

/* Begin PBXResourcesBuildPhase section */
		826B3ABF1A81AFE20044B655 /* Resources */ = {
			isa = PBXResourcesBuildPhase;
			buildActionMask = 2147483647;
			files = (
				826B3ACC1A81AFE20044B655 /* Main.storyboard in Resources */,
				826B3AD11A81AFE20044B655 /* LaunchScreen.xib in Resources */,
				826B3ACE1A81AFE20044B655 /* Images.xcassets in Resources */,
				826B3AE71A81B4050044B655 /* balloon_red.png in Resources */,
			);
			runOnlyForDeploymentPostprocessing = 0;
		};
		826B3AD41A81AFE20044B655 /* Resources */ = {
			isa = PBXResourcesBuildPhase;
			buildActionMask = 2147483647;
			files = (
			);
			runOnlyForDeploymentPostprocessing = 0;
		};
/* End PBXResourcesBuildPhase section */

/* Begin PBXSourcesBuildPhase section */
		826B3ABD1A81AFE20044B655 /* Sources */ = {
			isa = PBXSourcesBuildPhase;
			buildActionMask = 2147483647;
			files = (
				826B3AC91A81AFE20044B655 /* ViewController.swift in Sources */,
				826B3AC71A81AFE20044B655 /* AppDelegate.swift in Sources */,
			);
			runOnlyForDeploymentPostprocessing = 0;
		};
		826B3AD21A81AFE20044B655 /* Sources */ = {
			isa = PBXSourcesBuildPhase;
			buildActionMask = 2147483647;
			files = (
				826B3ADD1A81AFE20044B655 /* BalloonAppTests.swift in Sources */,
			);
			runOnlyForDeploymentPostprocessing = 0;
		};
/* End PBXSourcesBuildPhase section */

/* Begin PBXTargetDependency section */
		826B3AD81A81AFE20044B655 /* PBXTargetDependency */ = {
			isa = PBXTargetDependency;
			target = 826B3AC01A81AFE20044B655 /* BalloonApp */;
			targetProxy = 826B3AD71A81AFE20044B655 /* PBXContainerItemProxy */;
		};
/* End PBXTargetDependency section */

/* Begin PBXVariantGroup section */
		826B3ACA1A81AFE20044B655 /* Main.storyboard */ = {
			isa = PBXVariantGroup;
			children = (
				826B3ACB1A81AFE20044B655 /* Base */,
			);
			name = Main.storyboard;
			sourceTree = "<group>";
		};
		826B3ACF1A81AFE20044B655 /* LaunchScreen.xib */ = {
			isa = PBXVariantGroup;
			children = (
				826B3AD01A81AFE20044B655 /* Base */,
			);
			name = LaunchScreen.xib;
			sourceTree = "<group>";
		};
/* End PBXVariantGroup section */

/* Begin XCBuildConfiguration section */
		826B3ADE1A81AFE20044B655 /* Debug */ = {
			isa = XCBuildConfiguration;
			buildSettings = {
				ALWAYS_SEARCH_USER_PATHS = NO;
				CLANG_CXX_LANGUAGE_STANDARD = "gnu++0x";
				CLANG_CXX_LIBRARY = "libc++";
				CLANG_ENABLE_MODULES = YES;
				CLANG_ENABLE_OBJC_ARC = YES;
				CLANG_WARN_BOOL_CONVERSION = YES;
				CLANG_WARN_CONSTANT_CONVERSION = YES;
				CLANG_WARN_DIRECT_OBJC_ISA_USAGE = YES_ERROR;
				CLANG_WARN_EMPTY_BODY = YES;
				CLANG_WARN_ENUM_CONVERSION = YES;
				CLANG_WARN_INT_CONVERSION = YES;
				CLANG_WARN_OBJC_ROOT_CLASS = YES_ERROR;
				CLANG_WARN_UNREACHABLE_CODE = YES;
				CLANG_WARN__DUPLICATE_METHOD_MATCH = YES;
				"CODE_SIGN_IDENTITY[sdk=iphoneos*]" = "iPhone Developer";
				COPY_PHASE_STRIP = NO;
				ENABLE_STRICT_OBJC_MSGSEND = YES;
				GCC_C_LANGUAGE_STANDARD = gnu99;
				GCC_DYNAMIC_NO_PIC = NO;
				GCC_OPTIMIZATION_LEVEL = 0;
				GCC_PREPROCESSOR_DEFINITIONS = (
					"DEBUG=1",
					"$(inherited)",
				);
				GCC_SYMBOLS_PRIVATE_EXTERN = NO;
				GCC_WARN_64_TO_32_BIT_CONVERSION = YES;
				GCC_WARN_ABOUT_RETURN_TYPE = YES_ERROR;
				GCC_WARN_UNDECLARED_SELECTOR = YES;
				GCC_WARN_UNINITIALIZED_AUTOS = YES_AGGRESSIVE;
				GCC_WARN_UNUSED_FUNCTION = YES;
				GCC_WARN_UNUSED_VARIABLE = YES;
				IPHONEOS_DEPLOYMENT_TARGET = 8.1;
				MTL_ENABLE_DEBUG_INFO = YES;
				ONLY_ACTIVE_ARCH = YES;
				SDKROOT = iphoneos;
				SWIFT_OPTIMIZATION_LEVEL = "-Onone";
			};
			name = Debug;
		};
		826B3ADF1A81AFE20044B655 /* Release */ = {
			isa = XCBuildConfiguration;
			buildSettings = {
				ALWAYS_SEARCH_USER_PATHS = NO;
				CLANG_CXX_LANGUAGE_STANDARD = "gnu++0x";
				CLANG_CXX_LIBRARY = "libc++";
				CLANG_ENABLE_MODULES = YES;
				CLANG_ENABLE_OBJC_ARC = YES;
				CLANG_WARN_BOOL_CONVERSION = YES;
				CLANG_WARN_CONSTANT_CONVERSION = YES;
				CLANG_WARN_DIRECT_OBJC_ISA_USAGE = YES_ERROR;
				CLANG_WARN_EMPTY_BODY = YES;
				CLANG_WARN_ENUM_CONVERSION = YES;
				CLANG_WARN_INT_CONVERSION = YES;
				CLANG_WARN_OBJC_ROOT_CLASS = YES_ERROR;
				CLANG_WARN_UNREACHABLE_CODE = YES;
				CLANG_WARN__DUPLICATE_METHOD_MATCH = YES;
				"CODE_SIGN_IDENTITY[sdk=iphoneos*]" = "iPhone Developer";
				COPY_PHASE_STRIP = YES;
				ENABLE_NS_ASSERTIONS = NO;
				ENABLE_STRICT_OBJC_MSGSEND = YES;
				GCC_C_LANGUAGE_STANDARD = gnu99;
				GCC_WARN_64_TO_32_BIT_CONVERSION = YES;
				GCC_WARN_ABOUT_RETURN_TYPE = YES_ERROR;
				GCC_WARN_UNDECLARED_SELECTOR = YES;
				GCC_WARN_UNINITIALIZED_AUTOS = YES_AGGRESSIVE;
				GCC_WARN_UNUSED_FUNCTION = YES;
				GCC_WARN_UNUSED_VARIABLE = YES;
				IPHONEOS_DEPLOYMENT_TARGET = 8.1;
				MTL_ENABLE_DEBUG_INFO = NO;
				SDKROOT = iphoneos;
				VALIDATE_PRODUCT = YES;
			};
			name = Release;
		};
		826B3AE11A81AFE20044B655 /* Debug */ = {
			isa = XCBuildConfiguration;
			buildSettings = {
				ASSETCATALOG_COMPILER_APPICON_NAME = AppIcon;
				INFOPLIST_FILE = BalloonApp/Info.plist;
				LD_RUNPATH_SEARCH_PATHS = "$(inherited) @executable_path/Frameworks";
				PRODUCT_NAME = "$(TARGET_NAME)";
			};
			name = Debug;
		};
		826B3AE21A81AFE20044B655 /* Release */ = {
			isa = XCBuildConfiguration;
			buildSettings = {
				ASSETCATALOG_COMPILER_APPICON_NAME = AppIcon;
				INFOPLIST_FILE = BalloonApp/Info.plist;
				LD_RUNPATH_SEARCH_PATHS = "$(inherited) @executable_path/Frameworks";
				PRODUCT_NAME = "$(TARGET_NAME)";
			};
			name = Release;
		};
		826B3AE41A81AFE20044B655 /* Debug */ = {
			isa = XCBuildConfiguration;
			buildSettings = {
				BUNDLE_LOADER = "$(TEST_HOST)";
				FRAMEWORK_SEARCH_PATHS = (
					"$(SDKROOT)/Developer/Library/Frameworks",
					"$(inherited)",
				);
				GCC_PREPROCESSOR_DEFINITIONS = (
					"DEBUG=1",
					"$(inherited)",
				);
				INFOPLIST_FILE = BalloonAppTests/Info.plist;
				LD_RUNPATH_SEARCH_PATHS = "$(inherited) @executable_path/Frameworks @loader_path/Frameworks";
				PRODUCT_NAME = "$(TARGET_NAME)";
				TEST_HOST = "$(BUILT_PRODUCTS_DIR)/BalloonApp.app/BalloonApp";
			};
			name = Debug;
		};
		826B3AE51A81AFE20044B655 /* Release */ = {
			isa = XCBuildConfiguration;
			buildSettings = {
				BUNDLE_LOADER = "$(TEST_HOST)";
				FRAMEWORK_SEARCH_PATHS = (
					"$(SDKROOT)/Developer/Library/Frameworks",
					"$(inherited)",
				);
				INFOPLIST_FILE = BalloonAppTests/Info.plist;
				LD_RUNPATH_SEARCH_PATHS = "$(inherited) @executable_path/Frameworks @loader_path/Frameworks";
				PRODUCT_NAME = "$(TARGET_NAME)";
				TEST_HOST = "$(BUILT_PRODUCTS_DIR)/BalloonApp.app/BalloonApp";
			};
			name = Release;
		};
/* End XCBuildConfiguration section */

/* Begin XCConfigurationList section */
		826B3ABC1A81AFE20044B655 /* Build configuration list for PBXProject "BalloonApp" */ = {
			isa = XCConfigurationList;
			buildConfigurations = (
				826B3ADE1A81AFE20044B655 /* Debug */,
				826B3ADF1A81AFE20044B655 /* Release */,
			);
			defaultConfigurationIsVisible = 0;
			defaultConfigurationName = Release;
		};
		826B3AE01A81AFE20044B655 /* Build configuration list for PBXNativeTarget "BalloonApp" */ = {
			isa = XCConfigurationList;
			buildConfigurations = (
				826B3AE11A81AFE20044B655 /* Debug */,
				826B3AE21A81AFE20044B655 /* Release */,
			);
			defaultConfigurationIsVisible = 0;
		};
		826B3AE31A81AFE20044B655 /* Build configuration list for PBXNativeTarget "BalloonAppTests" */ = {
			isa = XCConfigurationList;
			buildConfigurations = (
				826B3AE41A81AFE20044B655 /* Debug */,
				826B3AE51A81AFE20044B655 /* Release */,
			);
			defaultConfigurationIsVisible = 0;
		};
/* End XCConfigurationList section */
	};
	rootObject = 826B3AB91A81AFE20044B655 /* Project object */;
}
