// !$*UTF8*$!
{
	archiveVersion = 1;
	classes = {
	};
	objectVersion = 46;
	objects = {

/* Begin PBXBuildFile section */
		82EDF77A1AE7267A003C1E6D /* AppDelegate.swift in Sources */ = {isa = PBXBuildFile; fileRef = 82EDF7791AE7267A003C1E6D /* AppDelegate.swift */; };
		82EDF77C1AE7267A003C1E6D /* ViewController.swift in Sources */ = {isa = PBXBuildFile; fileRef = 82EDF77B1AE7267A003C1E6D /* ViewController.swift */; };
		82EDF77F1AE7267A003C1E6D /* Main.storyboard in Resources */ = {isa = PBXBuildFile; fileRef = 82EDF77D1AE7267A003C1E6D /* Main.storyboard */; };
		82EDF7811AE7267A003C1E6D /* Images.xcassets in Resources */ = {isa = PBXBuildFile; fileRef = 82EDF7801AE7267A003C1E6D /* Images.xcassets */; };
		82EDF7841AE7267A003C1E6D /* LaunchScreen.xib in Resources */ = {isa = PBXBuildFile; fileRef = 82EDF7821AE7267A003C1E6D /* LaunchScreen.xib */; };
		82EDF7901AE7267A003C1E6D /* SirMixalotTests.swift in Sources */ = {isa = PBXBuildFile; fileRef = 82EDF78F1AE7267A003C1E6D /* SirMixalotTests.swift */; };
/* End PBXBuildFile section */

/* Begin PBXContainerItemProxy section */
		82EDF78A1AE7267A003C1E6D /* PBXContainerItemProxy */ = {
			isa = PBXContainerItemProxy;
			containerPortal = 82EDF76C1AE7267A003C1E6D /* Project object */;
			proxyType = 1;
			remoteGlobalIDString = 82EDF7731AE7267A003C1E6D;
			remoteInfo = SirMixalot;
		};
/* End PBXContainerItemProxy section */

/* Begin PBXFileReference section */
		82EDF7741AE7267A003C1E6D /* SirMixalot.app */ = {isa = PBXFileReference; explicitFileType = wrapper.application; includeInIndex = 0; path = SirMixalot.app; sourceTree = BUILT_PRODUCTS_DIR; };
		82EDF7781AE7267A003C1E6D /* Info.plist */ = {isa = PBXFileReference; lastKnownFileType = text.plist.xml; path = Info.plist; sourceTree = "<group>"; };
		82EDF7791AE7267A003C1E6D /* AppDelegate.swift */ = {isa = PBXFileReference; lastKnownFileType = sourcecode.swift; path = AppDelegate.swift; sourceTree = "<group>"; };
		82EDF77B1AE7267A003C1E6D /* ViewController.swift */ = {isa = PBXFileReference; lastKnownFileType = sourcecode.swift; path = ViewController.swift; sourceTree = "<group>"; };
		82EDF77E1AE7267A003C1E6D /* Base */ = {isa = PBXFileReference; lastKnownFileType = file.storyboard; name = Base; path = Base.lproj/Main.storyboard; sourceTree = "<group>"; };
		82EDF7801AE7267A003C1E6D /* Images.xcassets */ = {isa = PBXFileReference; lastKnownFileType = folder.assetcatalog; path = Images.xcassets; sourceTree = "<group>"; };
		82EDF7831AE7267A003C1E6D /* Base */ = {isa = PBXFileReference; lastKnownFileType = file.xib; name = Base; path = Base.lproj/LaunchScreen.xib; sourceTree = "<group>"; };
		82EDF7891AE7267A003C1E6D /* SirMixalotTests.xctest */ = {isa = PBXFileReference; explicitFileType = wrapper.cfbundle; includeInIndex = 0; path = SirMixalotTests.xctest; sourceTree = BUILT_PRODUCTS_DIR; };
		82EDF78E1AE7267A003C1E6D /* Info.plist */ = {isa = PBXFileReference; lastKnownFileType = text.plist.xml; path = Info.plist; sourceTree = "<group>"; };
		82EDF78F1AE7267A003C1E6D /* SirMixalotTests.swift */ = {isa = PBXFileReference; lastKnownFileType = sourcecode.swift; path = SirMixalotTests.swift; sourceTree = "<group>"; };
/* End PBXFileReference section */

/* Begin PBXFrameworksBuildPhase section */
		82EDF7711AE7267A003C1E6D /* Frameworks */ = {
			isa = PBXFrameworksBuildPhase;
			buildActionMask = 2147483647;
			files = (
			);
			runOnlyForDeploymentPostprocessing = 0;
		};
		82EDF7861AE7267A003C1E6D /* Frameworks */ = {
			isa = PBXFrameworksBuildPhase;
			buildActionMask = 2147483647;
			files = (
			);
			runOnlyForDeploymentPostprocessing = 0;
		};
/* End PBXFrameworksBuildPhase section */

/* Begin PBXGroup section */
		82EDF76B1AE7267A003C1E6D = {
			isa = PBXGroup;
			children = (
				82EDF7761AE7267A003C1E6D /* SirMixalot */,
				82EDF78C1AE7267A003C1E6D /* SirMixalotTests */,
				82EDF7751AE7267A003C1E6D /* Products */,
			);
			sourceTree = "<group>";
		};
		82EDF7751AE7267A003C1E6D /* Products */ = {
			isa = PBXGroup;
			children = (
				82EDF7741AE7267A003C1E6D /* SirMixalot.app */,
				82EDF7891AE7267A003C1E6D /* SirMixalotTests.xctest */,
			);
			name = Products;
			sourceTree = "<group>";
		};
		82EDF7761AE7267A003C1E6D /* SirMixalot */ = {
			isa = PBXGroup;
			children = (
				82EDF7791AE7267A003C1E6D /* AppDelegate.swift */,
				82EDF77B1AE7267A003C1E6D /* ViewController.swift */,
				82EDF77D1AE7267A003C1E6D /* Main.storyboard */,
				82EDF7801AE7267A003C1E6D /* Images.xcassets */,
				82EDF7821AE7267A003C1E6D /* LaunchScreen.xib */,
				82EDF7771AE7267A003C1E6D /* Supporting Files */,
			);
			path = SirMixalot;
			sourceTree = "<group>";
		};
		82EDF7771AE7267A003C1E6D /* Supporting Files */ = {
			isa = PBXGroup;
			children = (
				82EDF7781AE7267A003C1E6D /* Info.plist */,
			);
			name = "Supporting Files";
			sourceTree = "<group>";
		};
		82EDF78C1AE7267A003C1E6D /* SirMixalotTests */ = {
			isa = PBXGroup;
			children = (
				82EDF78F1AE7267A003C1E6D /* SirMixalotTests.swift */,
				82EDF78D1AE7267A003C1E6D /* Supporting Files */,
			);
			path = SirMixalotTests;
			sourceTree = "<group>";
		};
		82EDF78D1AE7267A003C1E6D /* Supporting Files */ = {
			isa = PBXGroup;
			children = (
				82EDF78E1AE7267A003C1E6D /* Info.plist */,
			);
			name = "Supporting Files";
			sourceTree = "<group>";
		};
/* End PBXGroup section */

/* Begin PBXNativeTarget section */
		82EDF7731AE7267A003C1E6D /* SirMixalot */ = {
			isa = PBXNativeTarget;
			buildConfigurationList = 82EDF7931AE7267A003C1E6D /* Build configuration list for PBXNativeTarget "SirMixalot" */;
			buildPhases = (
				82EDF7701AE7267A003C1E6D /* Sources */,
				82EDF7711AE7267A003C1E6D /* Frameworks */,
				82EDF7721AE7267A003C1E6D /* Resources */,
			);
			buildRules = (
			);
			dependencies = (
			);
			name = SirMixalot;
			productName = SirMixalot;
			productReference = 82EDF7741AE7267A003C1E6D /* SirMixalot.app */;
			productType = "com.apple.product-type.application";
		};
		82EDF7881AE7267A003C1E6D /* SirMixalotTests */ = {
			isa = PBXNativeTarget;
			buildConfigurationList = 82EDF7961AE7267A003C1E6D /* Build configuration list for PBXNativeTarget "SirMixalotTests" */;
			buildPhases = (
				82EDF7851AE7267A003C1E6D /* Sources */,
				82EDF7861AE7267A003C1E6D /* Frameworks */,
				82EDF7871AE7267A003C1E6D /* Resources */,
			);
			buildRules = (
			);
			dependencies = (
				82EDF78B1AE7267A003C1E6D /* PBXTargetDependency */,
			);
			name = SirMixalotTests;
			productName = SirMixalotTests;
			productReference = 82EDF7891AE7267A003C1E6D /* SirMixalotTests.xctest */;
			productType = "com.apple.product-type.bundle.unit-test";
		};
/* End PBXNativeTarget section */

/* Begin PBXProject section */
		82EDF76C1AE7267A003C1E6D /* Project object */ = {
			isa = PBXProject;
			attributes = {
				LastUpgradeCheck = 0630;
				ORGANIZATIONNAME = "Taylor Schmidt";
				TargetAttributes = {
					82EDF7731AE7267A003C1E6D = {
						CreatedOnToolsVersion = 6.3.1;
					};
					82EDF7881AE7267A003C1E6D = {
						CreatedOnToolsVersion = 6.3.1;
						TestTargetID = 82EDF7731AE7267A003C1E6D;
					};
				};
			};
			buildConfigurationList = 82EDF76F1AE7267A003C1E6D /* Build configuration list for PBXProject "SirMixalot" */;
			compatibilityVersion = "Xcode 3.2";
			developmentRegion = English;
			hasScannedForEncodings = 0;
			knownRegions = (
				en,
				Base,
			);
			mainGroup = 82EDF76B1AE7267A003C1E6D;
			productRefGroup = 82EDF7751AE7267A003C1E6D /* Products */;
			projectDirPath = "";
			projectRoot = "";
			targets = (
				82EDF7731AE7267A003C1E6D /* SirMixalot */,
				82EDF7881AE7267A003C1E6D /* SirMixalotTests */,
			);
		};
/* End PBXProject section */

/* Begin PBXResourcesBuildPhase section */
		82EDF7721AE7267A003C1E6D /* Resources */ = {
			isa = PBXResourcesBuildPhase;
			buildActionMask = 2147483647;
			files = (
				82EDF77F1AE7267A003C1E6D /* Main.storyboard in Resources */,
				82EDF7841AE7267A003C1E6D /* LaunchScreen.xib in Resources */,
				82EDF7811AE7267A003C1E6D /* Images.xcassets in Resources */,
			);
			runOnlyForDeploymentPostprocessing = 0;
		};
		82EDF7871AE7267A003C1E6D /* Resources */ = {
			isa = PBXResourcesBuildPhase;
			buildActionMask = 2147483647;
			files = (
			);
			runOnlyForDeploymentPostprocessing = 0;
		};
/* End PBXResourcesBuildPhase section */

/* Begin PBXSourcesBuildPhase section */
		82EDF7701AE7267A003C1E6D /* Sources */ = {
			isa = PBXSourcesBuildPhase;
			buildActionMask = 2147483647;
			files = (
				82EDF77C1AE7267A003C1E6D /* ViewController.swift in Sources */,
				82EDF77A1AE7267A003C1E6D /* AppDelegate.swift in Sources */,
			);
			runOnlyForDeploymentPostprocessing = 0;
		};
		82EDF7851AE7267A003C1E6D /* Sources */ = {
			isa = PBXSourcesBuildPhase;
			buildActionMask = 2147483647;
			files = (
				82EDF7901AE7267A003C1E6D /* SirMixalotTests.swift in Sources */,
			);
			runOnlyForDeploymentPostprocessing = 0;
		};
/* End PBXSourcesBuildPhase section */

/* Begin PBXTargetDependency section */
		82EDF78B1AE7267A003C1E6D /* PBXTargetDependency */ = {
			isa = PBXTargetDependency;
			target = 82EDF7731AE7267A003C1E6D /* SirMixalot */;
			targetProxy = 82EDF78A1AE7267A003C1E6D /* PBXContainerItemProxy */;
		};
/* End PBXTargetDependency section */

/* Begin PBXVariantGroup section */
		82EDF77D1AE7267A003C1E6D /* Main.storyboard */ = {
			isa = PBXVariantGroup;
			children = (
				82EDF77E1AE7267A003C1E6D /* Base */,
			);
			name = Main.storyboard;
			sourceTree = "<group>";
		};
		82EDF7821AE7267A003C1E6D /* LaunchScreen.xib */ = {
			isa = PBXVariantGroup;
			children = (
				82EDF7831AE7267A003C1E6D /* Base */,
			);
			name = LaunchScreen.xib;
			sourceTree = "<group>";
		};
/* End PBXVariantGroup section */

/* Begin XCBuildConfiguration section */
		82EDF7911AE7267A003C1E6D /* Debug */ = {
			isa = XCBuildConfiguration;
			buildSettings = {
				ALWAYS_SEARCH_USER_PATHS = NO;
				CLANG_CXX_LANGUAGE_STANDARD = "gnu++0x";
				CLANG_CXX_LIBRARY = "libc++";
				CLANG_ENABLE_MODULES = YES;
				CLANG_ENABLE_OBJC_ARC = YES;
				CLANG_WARN_BOOL_CONVERSION = YES;
				CLANG_WARN_CONSTANT_CONVERSION = YES;
				CLANG_WARN_DIRECT_OBJC_ISA_USAGE = YES_ERROR;
				CLANG_WARN_EMPTY_BODY = YES;
				CLANG_WARN_ENUM_CONVERSION = YES;
				CLANG_WARN_INT_CONVERSION = YES;
				CLANG_WARN_OBJC_ROOT_CLASS = YES_ERROR;
				CLANG_WARN_UNREACHABLE_CODE = YES;
				CLANG_WARN__DUPLICATE_METHOD_MATCH = YES;
				"CODE_SIGN_IDENTITY[sdk=iphoneos*]" = "iPhone Developer";
				COPY_PHASE_STRIP = NO;
				DEBUG_INFORMATION_FORMAT = "dwarf-with-dsym";
				ENABLE_STRICT_OBJC_MSGSEND = YES;
				GCC_C_LANGUAGE_STANDARD = gnu99;
				GCC_DYNAMIC_NO_PIC = NO;
				GCC_NO_COMMON_BLOCKS = YES;
				GCC_OPTIMIZATION_LEVEL = 0;
				GCC_PREPROCESSOR_DEFINITIONS = (
					"DEBUG=1",
					"$(inherited)",
				);
				GCC_SYMBOLS_PRIVATE_EXTERN = NO;
				GCC_WARN_64_TO_32_BIT_CONVERSION = YES;
				GCC_WARN_ABOUT_RETURN_TYPE = YES_ERROR;
				GCC_WARN_UNDECLARED_SELECTOR = YES;
				GCC_WARN_UNINITIALIZED_AUTOS = YES_AGGRESSIVE;
				GCC_WARN_UNUSED_FUNCTION = YES;
				GCC_WARN_UNUSED_VARIABLE = YES;
				IPHONEOS_DEPLOYMENT_TARGET = 8.3;
				MTL_ENABLE_DEBUG_INFO = YES;
				ONLY_ACTIVE_ARCH = YES;
				SDKROOT = iphoneos;
				SWIFT_OPTIMIZATION_LEVEL = "-Onone";
			};
			name = Debug;
		};
		82EDF7921AE7267A003C1E6D /* Release */ = {
			isa = XCBuildConfiguration;
			buildSettings = {
				ALWAYS_SEARCH_USER_PATHS = NO;
				CLANG_CXX_LANGUAGE_STANDARD = "gnu++0x";
				CLANG_CXX_LIBRARY = "libc++";
				CLANG_ENABLE_MODULES = YES;
				CLANG_ENABLE_OBJC_ARC = YES;
				CLANG_WARN_BOOL_CONVERSION = YES;
				CLANG_WARN_CONSTANT_CONVERSION = YES;
				CLANG_WARN_DIRECT_OBJC_ISA_USAGE = YES_ERROR;
				CLANG_WARN_EMPTY_BODY = YES;
				CLANG_WARN_ENUM_CONVERSION = YES;
				CLANG_WARN_INT_CONVERSION = YES;
				CLANG_WARN_OBJC_ROOT_CLASS = YES_ERROR;
				CLANG_WARN_UNREACHABLE_CODE = YES;
				CLANG_WARN__DUPLICATE_METHOD_MATCH = YES;
				"CODE_SIGN_IDENTITY[sdk=iphoneos*]" = "iPhone Developer";
				COPY_PHASE_STRIP = NO;
				DEBUG_INFORMATION_FORMAT = "dwarf-with-dsym";
				ENABLE_NS_ASSERTIONS = NO;
				ENABLE_STRICT_OBJC_MSGSEND = YES;
				GCC_C_LANGUAGE_STANDARD = gnu99;
				GCC_NO_COMMON_BLOCKS = YES;
				GCC_WARN_64_TO_32_BIT_CONVERSION = YES;
				GCC_WARN_ABOUT_RETURN_TYPE = YES_ERROR;
				GCC_WARN_UNDECLARED_SELECTOR = YES;
				GCC_WARN_UNINITIALIZED_AUTOS = YES_AGGRESSIVE;
				GCC_WARN_UNUSED_FUNCTION = YES;
				GCC_WARN_UNUSED_VARIABLE = YES;
				IPHONEOS_DEPLOYMENT_TARGET = 8.3;
				MTL_ENABLE_DEBUG_INFO = NO;
				SDKROOT = iphoneos;
				VALIDATE_PRODUCT = YES;
			};
			name = Release;
		};
		82EDF7941AE7267A003C1E6D /* Debug */ = {
			isa = XCBuildConfiguration;
			buildSettings = {
				ASSETCATALOG_COMPILER_APPICON_NAME = AppIcon;
				INFOPLIST_FILE = SirMixalot/Info.plist;
				LD_RUNPATH_SEARCH_PATHS = "$(inherited) @executable_path/Frameworks";
				PRODUCT_NAME = "$(TARGET_NAME)";
			};
			name = Debug;
		};
		82EDF7951AE7267A003C1E6D /* Release */ = {
			isa = XCBuildConfiguration;
			buildSettings = {
				ASSETCATALOG_COMPILER_APPICON_NAME = AppIcon;
				INFOPLIST_FILE = SirMixalot/Info.plist;
				LD_RUNPATH_SEARCH_PATHS = "$(inherited) @executable_path/Frameworks";
				PRODUCT_NAME = "$(TARGET_NAME)";
			};
			name = Release;
		};
		82EDF7971AE7267A003C1E6D /* Debug */ = {
			isa = XCBuildConfiguration;
			buildSettings = {
				BUNDLE_LOADER = "$(TEST_HOST)";
				FRAMEWORK_SEARCH_PATHS = (
					"$(SDKROOT)/Developer/Library/Frameworks",
					"$(inherited)",
				);
				GCC_PREPROCESSOR_DEFINITIONS = (
					"DEBUG=1",
					"$(inherited)",
				);
				INFOPLIST_FILE = SirMixalotTests/Info.plist;
				LD_RUNPATH_SEARCH_PATHS = "$(inherited) @executable_path/Frameworks @loader_path/Frameworks";
				PRODUCT_NAME = "$(TARGET_NAME)";
				TEST_HOST = "$(BUILT_PRODUCTS_DIR)/SirMixalot.app/SirMixalot";
			};
			name = Debug;
		};
		82EDF7981AE7267A003C1E6D /* Release */ = {
			isa = XCBuildConfiguration;
			buildSettings = {
				BUNDLE_LOADER = "$(TEST_HOST)";
				FRAMEWORK_SEARCH_PATHS = (
					"$(SDKROOT)/Developer/Library/Frameworks",
					"$(inherited)",
				);
				INFOPLIST_FILE = SirMixalotTests/Info.plist;
				LD_RUNPATH_SEARCH_PATHS = "$(inherited) @executable_path/Frameworks @loader_path/Frameworks";
				PRODUCT_NAME = "$(TARGET_NAME)";
				TEST_HOST = "$(BUILT_PRODUCTS_DIR)/SirMixalot.app/SirMixalot";
			};
			name = Release;
		};
/* End XCBuildConfiguration section */

/* Begin XCConfigurationList section */
		82EDF76F1AE7267A003C1E6D /* Build configuration list for PBXProject "SirMixalot" */ = {
			isa = XCConfigurationList;
			buildConfigurations = (
				82EDF7911AE7267A003C1E6D /* Debug */,
				82EDF7921AE7267A003C1E6D /* Release */,
			);
			defaultConfigurationIsVisible = 0;
			defaultConfigurationName = Release;
		};
		82EDF7931AE7267A003C1E6D /* Build configuration list for PBXNativeTarget "SirMixalot" */ = {
			isa = XCConfigurationList;
			buildConfigurations = (
				82EDF7941AE7267A003C1E6D /* Debug */,
				82EDF7951AE7267A003C1E6D /* Release */,
			);
			defaultConfigurationIsVisible = 0;
		};
		82EDF7961AE7267A003C1E6D /* Build configuration list for PBXNativeTarget "SirMixalotTests" */ = {
			isa = XCConfigurationList;
			buildConfigurations = (
				82EDF7971AE7267A003C1E6D /* Debug */,
				82EDF7981AE7267A003C1E6D /* Release */,
			);
			defaultConfigurationIsVisible = 0;
		};
/* End XCConfigurationList section */
	};
	rootObject = 82EDF76C1AE7267A003C1E6D /* Project object */;
}
